// !$*UTF8*$!
{
	archiveVersion = 1;
	classes = {
	};
	objectVersion = 56;
	objects = {

/* Begin PBXBuildFile section */
		0B42A9ED2AECD7B600A9ECB5 /* TestViewController.swift in Sources */ = {isa = PBXBuildFile; fileRef = 0B42A9EC2AECD7B600A9ECB5 /* TestViewController.swift */; };
		0B42A9F02AECD7D300A9ECB5 /* Then in Frameworks */ = {isa = PBXBuildFile; productRef = 0B42A9EF2AECD7D300A9ECB5 /* Then */; };
		0B42A9F32AECD7DC00A9ECB5 /* SnapKit in Frameworks */ = {isa = PBXBuildFile; productRef = 0B42A9F22AECD7DC00A9ECB5 /* SnapKit */; };
		0B42A9F52AECD7DC00A9ECB5 /* SnapKit-Dynamic in Frameworks */ = {isa = PBXBuildFile; productRef = 0B42A9F42AECD7DC00A9ECB5 /* SnapKit-Dynamic */; };
		0B42A9F72AECDCFF00A9ECB5 /* ItemListTableViewCell.swift in Sources */ = {isa = PBXBuildFile; fileRef = 0B42A9F62AECDCFF00A9ECB5 /* ItemListTableViewCell.swift */; };
		0B42A9F92AECE3D300A9ECB5 /* IItemListData.swift in Sources */ = {isa = PBXBuildFile; fileRef = 0B42A9F82AECE3D300A9ECB5 /* IItemListData.swift */; };
		0B42A9FB2AECF04000A9ECB5 /* CollectionViewController.swift in Sources */ = {isa = PBXBuildFile; fileRef = 0B42A9FA2AECF04000A9ECB5 /* CollectionViewController.swift */; };
		0B42A9FD2AECF11300A9ECB5 /* CollectionViewCell.swift in Sources */ = {isa = PBXBuildFile; fileRef = 0B42A9FC2AECF11300A9ECB5 /* CollectionViewCell.swift */; };
		0B42A9FF2AECF3FB00A9ECB5 /* ImageCollectionData.swift in Sources */ = {isa = PBXBuildFile; fileRef = 0B42A9FE2AECF3FB00A9ECB5 /* ImageCollectionData.swift */; };
		0B92BB772ADA6E710087ECF6 /* CheckPalleteViewController.swift in Sources */ = {isa = PBXBuildFile; fileRef = 0B92BB762ADA6E710087ECF6 /* CheckPalleteViewController.swift */; };
		0B92BB792ADA75230087ECF6 /* StackViewController.swift in Sources */ = {isa = PBXBuildFile; fileRef = 0B92BB782ADA75230087ECF6 /* StackViewController.swift */; };
		0BCC79FF2ADA5DBF004951BD /* AppDelegate.swift in Sources */ = {isa = PBXBuildFile; fileRef = 0BCC79FE2ADA5DBF004951BD /* AppDelegate.swift */; };
		0BCC7A012ADA5DBF004951BD /* SceneDelegate.swift in Sources */ = {isa = PBXBuildFile; fileRef = 0BCC7A002ADA5DBF004951BD /* SceneDelegate.swift */; };
		0BCC7A032ADA5DBF004951BD /* ViewController.swift in Sources */ = {isa = PBXBuildFile; fileRef = 0BCC7A022ADA5DBF004951BD /* ViewController.swift */; };
		0BCC7A082ADA5DC1004951BD /* Assets.xcassets in Resources */ = {isa = PBXBuildFile; fileRef = 0BCC7A072ADA5DC1004951BD /* Assets.xcassets */; };
		0BCC7A0B2ADA5DC1004951BD /* LaunchScreen.storyboard in Resources */ = {isa = PBXBuildFile; fileRef = 0BCC7A092ADA5DC1004951BD /* LaunchScreen.storyboard */; };
		0BFAE7D42B3974370050107C /* KakaoSDK in Frameworks */ = {isa = PBXBuildFile; productRef = 0BFAE7D32B3974370050107C /* KakaoSDK */; };
		0BFAE7D62B3974370050107C /* KakaoSDKAuth in Frameworks */ = {isa = PBXBuildFile; productRef = 0BFAE7D52B3974370050107C /* KakaoSDKAuth */; };
		0BFAE7D82B3974370050107C /* KakaoSDKCert in Frameworks */ = {isa = PBXBuildFile; productRef = 0BFAE7D72B3974370050107C /* KakaoSDKCert */; };
		0BFAE7DA2B3974370050107C /* KakaoSDKCertCore in Frameworks */ = {isa = PBXBuildFile; productRef = 0BFAE7D92B3974370050107C /* KakaoSDKCertCore */; };
		0BFAE7DC2B3974370050107C /* KakaoSDKCommon in Frameworks */ = {isa = PBXBuildFile; productRef = 0BFAE7DB2B3974370050107C /* KakaoSDKCommon */; };
/* End PBXBuildFile section */

/* Begin PBXFileReference section */
		0B42A9EC2AECD7B600A9ECB5 /* TestViewController.swift */ = {isa = PBXFileReference; lastKnownFileType = sourcecode.swift; path = TestViewController.swift; sourceTree = "<group>"; };
		0B42A9F62AECDCFF00A9ECB5 /* ItemListTableViewCell.swift */ = {isa = PBXFileReference; lastKnownFileType = sourcecode.swift; path = ItemListTableViewCell.swift; sourceTree = "<group>"; };
		0B42A9F82AECE3D300A9ECB5 /* IItemListData.swift */ = {isa = PBXFileReference; lastKnownFileType = sourcecode.swift; path = IItemListData.swift; sourceTree = "<group>"; };
		0B42A9FA2AECF04000A9ECB5 /* CollectionViewController.swift */ = {isa = PBXFileReference; lastKnownFileType = sourcecode.swift; path = CollectionViewController.swift; sourceTree = "<group>"; };
		0B42A9FC2AECF11300A9ECB5 /* CollectionViewCell.swift */ = {isa = PBXFileReference; lastKnownFileType = sourcecode.swift; path = CollectionViewCell.swift; sourceTree = "<group>"; };
		0B42A9FE2AECF3FB00A9ECB5 /* ImageCollectionData.swift */ = {isa = PBXFileReference; lastKnownFileType = sourcecode.swift; path = ImageCollectionData.swift; sourceTree = "<group>"; };
		0B92BB762ADA6E710087ECF6 /* CheckPalleteViewController.swift */ = {isa = PBXFileReference; lastKnownFileType = sourcecode.swift; path = CheckPalleteViewController.swift; sourceTree = "<group>"; };
		0B92BB782ADA75230087ECF6 /* StackViewController.swift */ = {isa = PBXFileReference; lastKnownFileType = sourcecode.swift; path = StackViewController.swift; sourceTree = "<group>"; };
		0BCC79FB2ADA5DBF004951BD /* kimSeonWoo-seminar.app */ = {isa = PBXFileReference; explicitFileType = wrapper.application; includeInIndex = 0; path = "kimSeonWoo-seminar.app"; sourceTree = BUILT_PRODUCTS_DIR; };
		0BCC79FE2ADA5DBF004951BD /* AppDelegate.swift */ = {isa = PBXFileReference; lastKnownFileType = sourcecode.swift; path = AppDelegate.swift; sourceTree = "<group>"; };
		0BCC7A002ADA5DBF004951BD /* SceneDelegate.swift */ = {isa = PBXFileReference; lastKnownFileType = sourcecode.swift; path = SceneDelegate.swift; sourceTree = "<group>"; };
		0BCC7A022ADA5DBF004951BD /* ViewController.swift */ = {isa = PBXFileReference; lastKnownFileType = sourcecode.swift; path = ViewController.swift; sourceTree = "<group>"; };
		0BCC7A072ADA5DC1004951BD /* Assets.xcassets */ = {isa = PBXFileReference; lastKnownFileType = folder.assetcatalog; path = Assets.xcassets; sourceTree = "<group>"; };
		0BCC7A0A2ADA5DC1004951BD /* Base */ = {isa = PBXFileReference; lastKnownFileType = file.storyboard; name = Base; path = Base.lproj/LaunchScreen.storyboard; sourceTree = "<group>"; };
		0BCC7A0C2ADA5DC1004951BD /* Info.plist */ = {isa = PBXFileReference; lastKnownFileType = text.plist.xml; path = Info.plist; sourceTree = "<group>"; };
/* End PBXFileReference section */

/* Begin PBXFrameworksBuildPhase section */
		0BCC79F82ADA5DBF004951BD /* Frameworks */ = {
			isa = PBXFrameworksBuildPhase;
			buildActionMask = 2147483647;
			files = (
				0BFAE7DC2B3974370050107C /* KakaoSDKCommon in Frameworks */,
				0B42A9F02AECD7D300A9ECB5 /* Then in Frameworks */,
				0BFAE7D42B3974370050107C /* KakaoSDK in Frameworks */,
				0B42A9F32AECD7DC00A9ECB5 /* SnapKit in Frameworks */,
				0BFAE7D82B3974370050107C /* KakaoSDKCert in Frameworks */,
				0B42A9F52AECD7DC00A9ECB5 /* SnapKit-Dynamic in Frameworks */,
				0BFAE7D62B3974370050107C /* KakaoSDKAuth in Frameworks */,
				0BFAE7DA2B3974370050107C /* KakaoSDKCertCore in Frameworks */,
			);
			runOnlyForDeploymentPostprocessing = 0;
		};
/* End PBXFrameworksBuildPhase section */

/* Begin PBXGroup section */
		0BCC79F22ADA5DBF004951BD = {
			isa = PBXGroup;
			children = (
				0BCC79FD2ADA5DBF004951BD /* kimSeonWoo-seminar */,
				0BCC79FC2ADA5DBF004951BD /* Products */,
			);
			sourceTree = "<group>";
		};
		0BCC79FC2ADA5DBF004951BD /* Products */ = {
			isa = PBXGroup;
			children = (
				0BCC79FB2ADA5DBF004951BD /* kimSeonWoo-seminar.app */,
			);
			name = Products;
			sourceTree = "<group>";
		};
		0BCC79FD2ADA5DBF004951BD /* kimSeonWoo-seminar */ = {
			isa = PBXGroup;
			children = (
				0BCC79FE2ADA5DBF004951BD /* AppDelegate.swift */,
				0BCC7A002ADA5DBF004951BD /* SceneDelegate.swift */,
				0BCC7A022ADA5DBF004951BD /* ViewController.swift */,
				0B92BB762ADA6E710087ECF6 /* CheckPalleteViewController.swift */,
				0BCC7A072ADA5DC1004951BD /* Assets.xcassets */,
				0BCC7A092ADA5DC1004951BD /* LaunchScreen.storyboard */,
				0BCC7A0C2ADA5DC1004951BD /* Info.plist */,
				0B92BB782ADA75230087ECF6 /* StackViewController.swift */,
				0B42A9EC2AECD7B600A9ECB5 /* TestViewController.swift */,
				0B42A9F62AECDCFF00A9ECB5 /* ItemListTableViewCell.swift */,
				0B42A9F82AECE3D300A9ECB5 /* IItemListData.swift */,
				0B42A9FA2AECF04000A9ECB5 /* CollectionViewController.swift */,
				0B42A9FC2AECF11300A9ECB5 /* CollectionViewCell.swift */,
				0B42A9FE2AECF3FB00A9ECB5 /* ImageCollectionData.swift */,
			);
			path = "kimSeonWoo-seminar";
			sourceTree = "<group>";
		};
/* End PBXGroup section */

/* Begin PBXNativeTarget section */
		0BCC79FA2ADA5DBF004951BD /* kimSeonWoo-seminar */ = {
			isa = PBXNativeTarget;
			buildConfigurationList = 0BCC7A0F2ADA5DC1004951BD /* Build configuration list for PBXNativeTarget "kimSeonWoo-seminar" */;
			buildPhases = (
				0BCC79F72ADA5DBF004951BD /* Sources */,
				0BCC79F82ADA5DBF004951BD /* Frameworks */,
				0BCC79F92ADA5DBF004951BD /* Resources */,
			);
			buildRules = (
			);
			dependencies = (
			);
			name = "kimSeonWoo-seminar";
			packageProductDependencies = (
				0B42A9EF2AECD7D300A9ECB5 /* Then */,
				0B42A9F22AECD7DC00A9ECB5 /* SnapKit */,
				0B42A9F42AECD7DC00A9ECB5 /* SnapKit-Dynamic */,
				0BFAE7D32B3974370050107C /* KakaoSDK */,
				0BFAE7D52B3974370050107C /* KakaoSDKAuth */,
				0BFAE7D72B3974370050107C /* KakaoSDKCert */,
				0BFAE7D92B3974370050107C /* KakaoSDKCertCore */,
				0BFAE7DB2B3974370050107C /* KakaoSDKCommon */,
			);
			productName = "kimSeonWoo-seminar";
			productReference = 0BCC79FB2ADA5DBF004951BD /* kimSeonWoo-seminar.app */;
			productType = "com.apple.product-type.application";
		};
/* End PBXNativeTarget section */

/* Begin PBXProject section */
		0BCC79F32ADA5DBF004951BD /* Project object */ = {
			isa = PBXProject;
			attributes = {
				BuildIndependentTargetsInParallel = 1;
				LastSwiftUpdateCheck = 1500;
				LastUpgradeCheck = 1500;
				TargetAttributes = {
					0BCC79FA2ADA5DBF004951BD = {
						CreatedOnToolsVersion = 15.0;
					};
				};
			};
			buildConfigurationList = 0BCC79F62ADA5DBF004951BD /* Build configuration list for PBXProject "kimSeonWoo-seminar" */;
			compatibilityVersion = "Xcode 14.0";
			developmentRegion = en;
			hasScannedForEncodings = 0;
			knownRegions = (
				en,
				Base,
			);
			mainGroup = 0BCC79F22ADA5DBF004951BD;
			packageReferences = (
				0B42A9EE2AECD7D300A9ECB5 /* XCRemoteSwiftPackageReference "Then" */,
				0B42A9F12AECD7DC00A9ECB5 /* XCRemoteSwiftPackageReference "SnapKit" */,
				0BFAE7D22B3974370050107C /* XCRemoteSwiftPackageReference "kakao-ios-sdk" */,
			);
			productRefGroup = 0BCC79FC2ADA5DBF004951BD /* Products */;
			projectDirPath = "";
			projectRoot = "";
			targets = (
				0BCC79FA2ADA5DBF004951BD /* kimSeonWoo-seminar */,
			);
		};
/* End PBXProject section */

/* Begin PBXResourcesBuildPhase section */
		0BCC79F92ADA5DBF004951BD /* Resources */ = {
			isa = PBXResourcesBuildPhase;
			buildActionMask = 2147483647;
			files = (
				0BCC7A0B2ADA5DC1004951BD /* LaunchScreen.storyboard in Resources */,
				0BCC7A082ADA5DC1004951BD /* Assets.xcassets in Resources */,
			);
			runOnlyForDeploymentPostprocessing = 0;
		};
/* End PBXResourcesBuildPhase section */

/* Begin PBXSourcesBuildPhase section */
		0BCC79F72ADA5DBF004951BD /* Sources */ = {
			isa = PBXSourcesBuildPhase;
			buildActionMask = 2147483647;
			files = (
				0B42A9FD2AECF11300A9ECB5 /* CollectionViewCell.swift in Sources */,
				0B42A9FF2AECF3FB00A9ECB5 /* ImageCollectionData.swift in Sources */,
				0B42A9FB2AECF04000A9ECB5 /* CollectionViewController.swift in Sources */,
				0BCC7A032ADA5DBF004951BD /* ViewController.swift in Sources */,
				0B42A9F72AECDCFF00A9ECB5 /* ItemListTableViewCell.swift in Sources */,
				0BCC79FF2ADA5DBF004951BD /* AppDelegate.swift in Sources */,
				0B42A9F92AECE3D300A9ECB5 /* IItemListData.swift in Sources */,
				0B92BB792ADA75230087ECF6 /* StackViewController.swift in Sources */,
				0B42A9ED2AECD7B600A9ECB5 /* TestViewController.swift in Sources */,
				0B92BB772ADA6E710087ECF6 /* CheckPalleteViewController.swift in Sources */,
				0BCC7A012ADA5DBF004951BD /* SceneDelegate.swift in Sources */,
			);
			runOnlyForDeploymentPostprocessing = 0;
		};
/* End PBXSourcesBuildPhase section */

/* Begin PBXVariantGroup section */
		0BCC7A092ADA5DC1004951BD /* LaunchScreen.storyboard */ = {
			isa = PBXVariantGroup;
			children = (
				0BCC7A0A2ADA5DC1004951BD /* Base */,
			);
			name = LaunchScreen.storyboard;
			sourceTree = "<group>";
		};
/* End PBXVariantGroup section */

/* Begin XCBuildConfiguration section */
		0BCC7A0D2ADA5DC1004951BD /* Debug */ = {
			isa = XCBuildConfiguration;
			buildSettings = {
				ALWAYS_SEARCH_USER_PATHS = NO;
				ASSETCATALOG_COMPILER_GENERATE_SWIFT_ASSET_SYMBOL_EXTENSIONS = YES;
				CLANG_ANALYZER_NONNULL = YES;
				CLANG_ANALYZER_NUMBER_OBJECT_CONVERSION = YES_AGGRESSIVE;
				CLANG_CXX_LANGUAGE_STANDARD = "gnu++20";
				CLANG_ENABLE_MODULES = YES;
				CLANG_ENABLE_OBJC_ARC = YES;
				CLANG_ENABLE_OBJC_WEAK = YES;
				CLANG_WARN_BLOCK_CAPTURE_AUTORELEASING = YES;
				CLANG_WARN_BOOL_CONVERSION = YES;
				CLANG_WARN_COMMA = YES;
				CLANG_WARN_CONSTANT_CONVERSION = YES;
				CLANG_WARN_DEPRECATED_OBJC_IMPLEMENTATIONS = YES;
				CLANG_WARN_DIRECT_OBJC_ISA_USAGE = YES_ERROR;
				CLANG_WARN_DOCUMENTATION_COMMENTS = YES;
				CLANG_WARN_EMPTY_BODY = YES;
				CLANG_WARN_ENUM_CONVERSION = YES;
				CLANG_WARN_INFINITE_RECURSION = YES;
				CLANG_WARN_INT_CONVERSION = YES;
				CLANG_WARN_NON_LITERAL_NULL_CONVERSION = YES;
				CLANG_WARN_OBJC_IMPLICIT_RETAIN_SELF = YES;
				CLANG_WARN_OBJC_LITERAL_CONVERSION = YES;
				CLANG_WARN_OBJC_ROOT_CLASS = YES_ERROR;
				CLANG_WARN_QUOTED_INCLUDE_IN_FRAMEWORK_HEADER = YES;
				CLANG_WARN_RANGE_LOOP_ANALYSIS = YES;
				CLANG_WARN_STRICT_PROTOTYPES = YES;
				CLANG_WARN_SUSPICIOUS_MOVE = YES;
				CLANG_WARN_UNGUARDED_AVAILABILITY = YES_AGGRESSIVE;
				CLANG_WARN_UNREACHABLE_CODE = YES;
				CLANG_WARN__DUPLICATE_METHOD_MATCH = YES;
				COPY_PHASE_STRIP = NO;
				DEBUG_INFORMATION_FORMAT = dwarf;
				ENABLE_STRICT_OBJC_MSGSEND = YES;
				ENABLE_TESTABILITY = YES;
				ENABLE_USER_SCRIPT_SANDBOXING = YES;
				GCC_C_LANGUAGE_STANDARD = gnu17;
				GCC_DYNAMIC_NO_PIC = NO;
				GCC_NO_COMMON_BLOCKS = YES;
				GCC_OPTIMIZATION_LEVEL = 0;
				GCC_PREPROCESSOR_DEFINITIONS = (
					"DEBUG=1",
					"$(inherited)",
				);
				GCC_WARN_64_TO_32_BIT_CONVERSION = YES;
				GCC_WARN_ABOUT_RETURN_TYPE = YES_ERROR;
				GCC_WARN_UNDECLARED_SELECTOR = YES;
				GCC_WARN_UNINITIALIZED_AUTOS = YES_AGGRESSIVE;
				GCC_WARN_UNUSED_FUNCTION = YES;
				GCC_WARN_UNUSED_VARIABLE = YES;
				IPHONEOS_DEPLOYMENT_TARGET = 17.0;
				LOCALIZATION_PREFERS_STRING_CATALOGS = YES;
				MTL_ENABLE_DEBUG_INFO = INCLUDE_SOURCE;
				MTL_FAST_MATH = YES;
				ONLY_ACTIVE_ARCH = YES;
				SDKROOT = iphoneos;
				SWIFT_ACTIVE_COMPILATION_CONDITIONS = "DEBUG $(inherited)";
				SWIFT_OPTIMIZATION_LEVEL = "-Onone";
			};
			name = Debug;
		};
		0BCC7A0E2ADA5DC1004951BD /* Release */ = {
			isa = XCBuildConfiguration;
			buildSettings = {
				ALWAYS_SEARCH_USER_PATHS = NO;
				ASSETCATALOG_COMPILER_GENERATE_SWIFT_ASSET_SYMBOL_EXTENSIONS = YES;
				CLANG_ANALYZER_NONNULL = YES;
				CLANG_ANALYZER_NUMBER_OBJECT_CONVERSION = YES_AGGRESSIVE;
				CLANG_CXX_LANGUAGE_STANDARD = "gnu++20";
				CLANG_ENABLE_MODULES = YES;
				CLANG_ENABLE_OBJC_ARC = YES;
				CLANG_ENABLE_OBJC_WEAK = YES;
				CLANG_WARN_BLOCK_CAPTURE_AUTORELEASING = YES;
				CLANG_WARN_BOOL_CONVERSION = YES;
				CLANG_WARN_COMMA = YES;
				CLANG_WARN_CONSTANT_CONVERSION = YES;
				CLANG_WARN_DEPRECATED_OBJC_IMPLEMENTATIONS = YES;
				CLANG_WARN_DIRECT_OBJC_ISA_USAGE = YES_ERROR;
				CLANG_WARN_DOCUMENTATION_COMMENTS = YES;
				CLANG_WARN_EMPTY_BODY = YES;
				CLANG_WARN_ENUM_CONVERSION = YES;
				CLANG_WARN_INFINITE_RECURSION = YES;
				CLANG_WARN_INT_CONVERSION = YES;
				CLANG_WARN_NON_LITERAL_NULL_CONVERSION = YES;
				CLANG_WARN_OBJC_IMPLICIT_RETAIN_SELF = YES;
				CLANG_WARN_OBJC_LITERAL_CONVERSION = YES;
				CLANG_WARN_OBJC_ROOT_CLASS = YES_ERROR;
				CLANG_WARN_QUOTED_INCLUDE_IN_FRAMEWORK_HEADER = YES;
				CLANG_WARN_RANGE_LOOP_ANALYSIS = YES;
				CLANG_WARN_STRICT_PROTOTYPES = YES;
				CLANG_WARN_SUSPICIOUS_MOVE = YES;
				CLANG_WARN_UNGUARDED_AVAILABILITY = YES_AGGRESSIVE;
				CLANG_WARN_UNREACHABLE_CODE = YES;
				CLANG_WARN__DUPLICATE_METHOD_MATCH = YES;
				COPY_PHASE_STRIP = NO;
				DEBUG_INFORMATION_FORMAT = "dwarf-with-dsym";
				ENABLE_NS_ASSERTIONS = NO;
				ENABLE_STRICT_OBJC_MSGSEND = YES;
				ENABLE_USER_SCRIPT_SANDBOXING = YES;
				GCC_C_LANGUAGE_STANDARD = gnu17;
				GCC_NO_COMMON_BLOCKS = YES;
				GCC_WARN_64_TO_32_BIT_CONVERSION = YES;
				GCC_WARN_ABOUT_RETURN_TYPE = YES_ERROR;
				GCC_WARN_UNDECLARED_SELECTOR = YES;
				GCC_WARN_UNINITIALIZED_AUTOS = YES_AGGRESSIVE;
				GCC_WARN_UNUSED_FUNCTION = YES;
				GCC_WARN_UNUSED_VARIABLE = YES;
				IPHONEOS_DEPLOYMENT_TARGET = 17.0;
				LOCALIZATION_PREFERS_STRING_CATALOGS = YES;
				MTL_ENABLE_DEBUG_INFO = NO;
				MTL_FAST_MATH = YES;
				SDKROOT = iphoneos;
				SWIFT_COMPILATION_MODE = wholemodule;
				VALIDATE_PRODUCT = YES;
			};
			name = Release;
		};
		0BCC7A102ADA5DC1004951BD /* Debug */ = {
			isa = XCBuildConfiguration;
			buildSettings = {
				ASSETCATALOG_COMPILER_APPICON_NAME = AppIcon;
				ASSETCATALOG_COMPILER_GLOBAL_ACCENT_COLOR_NAME = AccentColor;
				CODE_SIGN_STYLE = Automatic;
				CURRENT_PROJECT_VERSION = 1;
				DEVELOPMENT_TEAM = Q7F3S7B9JL;
				GENERATE_INFOPLIST_FILE = YES;
				INFOPLIST_FILE = "kimSeonWoo-seminar/Info.plist";
				INFOPLIST_KEY_UIApplicationSupportsIndirectInputEvents = YES;
				INFOPLIST_KEY_UILaunchStoryboardName = LaunchScreen;
				INFOPLIST_KEY_UISupportedInterfaceOrientations_iPad = "UIInterfaceOrientationPortrait UIInterfaceOrientationPortraitUpsideDown UIInterfaceOrientationLandscapeLeft UIInterfaceOrientationLandscapeRight";
				INFOPLIST_KEY_UISupportedInterfaceOrientations_iPhone = "UIInterfaceOrientationPortrait UIInterfaceOrientationLandscapeLeft UIInterfaceOrientationLandscapeRight";
				LD_RUNPATH_SEARCH_PATHS = (
					"$(inherited)",
					"@executable_path/Frameworks",
				);
				MARKETING_VERSION = 1.0;
				PRODUCT_BUNDLE_IDENTIFIER = "com.kimSeonWoo.kimSeonWoo-seminar";
				PRODUCT_NAME = "$(TARGET_NAME)";
				SWIFT_EMIT_LOC_STRINGS = YES;
				SWIFT_VERSION = 5.0;
				TARGETED_DEVICE_FAMILY = "1,2";
			};
			name = Debug;
		};
		0BCC7A112ADA5DC1004951BD /* Release */ = {
			isa = XCBuildConfiguration;
			buildSettings = {
				ASSETCATALOG_COMPILER_APPICON_NAME = AppIcon;
				ASSETCATALOG_COMPILER_GLOBAL_ACCENT_COLOR_NAME = AccentColor;
				CODE_SIGN_STYLE = Automatic;
				CURRENT_PROJECT_VERSION = 1;
				DEVELOPMENT_TEAM = Q7F3S7B9JL;
				GENERATE_INFOPLIST_FILE = YES;
				INFOPLIST_FILE = "kimSeonWoo-seminar/Info.plist";
				INFOPLIST_KEY_UIApplicationSupportsIndirectInputEvents = YES;
				INFOPLIST_KEY_UILaunchStoryboardName = LaunchScreen;
				INFOPLIST_KEY_UISupportedInterfaceOrientations_iPad = "UIInterfaceOrientationPortrait UIInterfaceOrientationPortraitUpsideDown UIInterfaceOrientationLandscapeLeft UIInterfaceOrientationLandscapeRight";
				INFOPLIST_KEY_UISupportedInterfaceOrientations_iPhone = "UIInterfaceOrientationPortrait UIInterfaceOrientationLandscapeLeft UIInterfaceOrientationLandscapeRight";
				LD_RUNPATH_SEARCH_PATHS = (
					"$(inherited)",
					"@executable_path/Frameworks",
				);
				MARKETING_VERSION = 1.0;
				PRODUCT_BUNDLE_IDENTIFIER = "com.kimSeonWoo.kimSeonWoo-seminar";
				PRODUCT_NAME = "$(TARGET_NAME)";
				SWIFT_EMIT_LOC_STRINGS = YES;
				SWIFT_VERSION = 5.0;
				TARGETED_DEVICE_FAMILY = "1,2";
			};
			name = Release;
		};
/* End XCBuildConfiguration section */

/* Begin XCConfigurationList section */
		0BCC79F62ADA5DBF004951BD /* Build configuration list for PBXProject "kimSeonWoo-seminar" */ = {
			isa = XCConfigurationList;
			buildConfigurations = (
				0BCC7A0D2ADA5DC1004951BD /* Debug */,
				0BCC7A0E2ADA5DC1004951BD /* Release */,
			);
			defaultConfigurationIsVisible = 0;
			defaultConfigurationName = Release;
		};
		0BCC7A0F2ADA5DC1004951BD /* Build configuration list for PBXNativeTarget "kimSeonWoo-seminar" */ = {
			isa = XCConfigurationList;
			buildConfigurations = (
				0BCC7A102ADA5DC1004951BD /* Debug */,
				0BCC7A112ADA5DC1004951BD /* Release */,
			);
			defaultConfigurationIsVisible = 0;
			defaultConfigurationName = Release;
		};
/* End XCConfigurationList section */

/* Begin XCRemoteSwiftPackageReference section */
		0B42A9EE2AECD7D300A9ECB5 /* XCRemoteSwiftPackageReference "Then" */ = {
			isa = XCRemoteSwiftPackageReference;
			repositoryURL = "https://github.com/devxoul/Then";
			requirement = {
				kind = upToNextMajorVersion;
				minimumVersion = 3.0.0;
			};
		};
		0B42A9F12AECD7DC00A9ECB5 /* XCRemoteSwiftPackageReference "SnapKit" */ = {
			isa = XCRemoteSwiftPackageReference;
			repositoryURL = "https://github.com/SnapKit/SnapKit.git";
			requirement = {
				kind = upToNextMajorVersion;
				minimumVersion = 5.6.0;
			};
		};
		0BFAE7D22B3974370050107C /* XCRemoteSwiftPackageReference "kakao-ios-sdk" */ = {
			isa = XCRemoteSwiftPackageReference;
			repositoryURL = "https://github.com/kakao/kakao-ios-sdk";
			requirement = {
				kind = upToNextMajorVersion;
				minimumVersion = 2.20.0;
			};
		};
/* End XCRemoteSwiftPackageReference section */

/* Begin XCSwiftPackageProductDependency section */
		0B42A9EF2AECD7D300A9ECB5 /* Then */ = {
			isa = XCSwiftPackageProductDependency;
			package = 0B42A9EE2AECD7D300A9ECB5 /* XCRemoteSwiftPackageReference "Then" */;
			productName = Then;
		};
		0B42A9F22AECD7DC00A9ECB5 /* SnapKit */ = {
			isa = XCSwiftPackageProductDependency;
			package = 0B42A9F12AECD7DC00A9ECB5 /* XCRemoteSwiftPackageReference "SnapKit" */;
			productName = SnapKit;
		};
		0B42A9F42AECD7DC00A9ECB5 /* SnapKit-Dynamic */ = {
			isa = XCSwiftPackageProductDependency;
			package = 0B42A9F12AECD7DC00A9ECB5 /* XCRemoteSwiftPackageReference "SnapKit" */;
			productName = "SnapKit-Dynamic";
		};
		0BFAE7D32B3974370050107C /* KakaoSDK */ = {
			isa = XCSwiftPackageProductDependency;
			package = 0BFAE7D22B3974370050107C /* XCRemoteSwiftPackageReference "kakao-ios-sdk" */;
			productName = KakaoSDK;
		};
		0BFAE7D52B3974370050107C /* KakaoSDKAuth */ = {
			isa = XCSwiftPackageProductDependency;
			package = 0BFAE7D22B3974370050107C /* XCRemoteSwiftPackageReference "kakao-ios-sdk" */;
			productName = KakaoSDKAuth;
		};
		0BFAE7D72B3974370050107C /* KakaoSDKCert */ = {
			isa = XCSwiftPackageProductDependency;
			package = 0BFAE7D22B3974370050107C /* XCRemoteSwiftPackageReference "kakao-ios-sdk" */;
			productName = KakaoSDKCert;
		};
		0BFAE7D92B3974370050107C /* KakaoSDKCertCore */ = {
			isa = XCSwiftPackageProductDependency;
			package = 0BFAE7D22B3974370050107C /* XCRemoteSwiftPackageReference "kakao-ios-sdk" */;
			productName = KakaoSDKCertCore;
		};
		0BFAE7DB2B3974370050107C /* KakaoSDKCommon */ = {
			isa = XCSwiftPackageProductDependency;
			package = 0BFAE7D22B3974370050107C /* XCRemoteSwiftPackageReference "kakao-ios-sdk" */;
			productName = KakaoSDKCommon;
		};
/* End XCSwiftPackageProductDependency section */
	};
	rootObject = 0BCC79F32ADA5DBF004951BD /* Project object */;
}
